
Microsoft Visual Studio Solution File, Format Version 12.00
# Visual Studio Version 17
VisualStudioVersion = 17.11.35219.272
MinimumVisualStudioVersion = 10.0.40219.1
Project("{FAE04EC0-301F-11D3-BF4B-00C04F79EFBC}") = "Enkel Klass med Egenskaper - 1", "Enum\Enkel Klass med Egenskaper - 1.csproj", "{1981D991-FD96-47E7-9397-B194E8A718CA}"
EndProject
Global
	GlobalSection(SolutionConfigurationPlatforms) = preSolution
		Debug|Any CPU = Debug|Any CPU
		Release|Any CPU = Release|Any CPU
	EndGlobalSection
	GlobalSection(ProjectConfigurationPlatforms) = postSolution
		{1981D991-FD96-47E7-9397-B194E8A718CA}.Debug|Any CPU.ActiveCfg = Debug|Any CPU
		{1981D991-FD96-47E7-9397-B194E8A718CA}.Debug|Any CPU.Build.0 = Debug|Any CPU
		{1981D991-FD96-47E7-9397-B194E8A718CA}.Release|Any CPU.ActiveCfg = Release|Any CPU
		{1981D991-FD96-47E7-9397-B194E8A718CA}.Release|Any CPU.Build.0 = Release|Any CPU
	EndGlobalSection
	GlobalSection(SolutionProperties) = preSolution
		HideSolutionNode = FALSE
	EndGlobalSection
	GlobalSection(ExtensibilityGlobals) = postSolution
		SolutionGuid = {CEFAD300-E67F-4295-8AC5-B15AE6E4964E}
	EndGlobalSection
EndGlobal
